
Microsoft Visual Studio Solution File, Format Version 12.00
# Visual Studio Version 16
VisualStudioVersion = 16.0.29215.179
MinimumVisualStudioVersion = 10.0.40219.1
Project("{FAE04EC0-301F-11D3-BF4B-00C04F79EFBC}") = "TestDrivenDevelopment", "TestDrivenDevelopment\TestDrivenDevelopment.csproj", "{B54065F6-6B78-48DB-9BAB-B8B250971ED5}"
EndProject
Project("{FAE04EC0-301F-11D3-BF4B-00C04F79EFBC}") = "CalculatorMSTest", "CalculatorMSTest\CalculatorMSTest.csproj", "{9A30194B-8466-44C3-8089-94FA10A5D358}"
EndProject
Project("{FAE04EC0-301F-11D3-BF4B-00C04F79EFBC}") = "Calculator", "Calculator\Calculator.csproj", "{7E8D1AE5-425B-411D-A19F-DBD41B0D6475}"
EndProject
Project("{FAE04EC0-301F-11D3-BF4B-00C04F79EFBC}") = "WindowsForms", "WindowsForms\WindowsForms.csproj", "{168321A3-0E40-45F4-8922-0FF684745ADF}"
EndProject
Project("{FAE04EC0-301F-11D3-BF4B-00C04F79EFBC}") = "CalculatorWPF", "CalculatorWPF\CalculatorWPF.csproj", "{A774BF67-1CC5-4883-9CF2-C145A7AEA65A}"
EndProject
Global
	GlobalSection(SolutionConfigurationPlatforms) = preSolution
		Debug|Any CPU = Debug|Any CPU
		Release|Any CPU = Release|Any CPU
	EndGlobalSection
	GlobalSection(ProjectConfigurationPlatforms) = postSolution
		{B54065F6-6B78-48DB-9BAB-B8B250971ED5}.Debug|Any CPU.ActiveCfg = Debug|Any CPU
		{B54065F6-6B78-48DB-9BAB-B8B250971ED5}.Debug|Any CPU.Build.0 = Debug|Any CPU
		{B54065F6-6B78-48DB-9BAB-B8B250971ED5}.Release|Any CPU.ActiveCfg = Release|Any CPU
		{B54065F6-6B78-48DB-9BAB-B8B250971ED5}.Release|Any CPU.Build.0 = Release|Any CPU
		{9A30194B-8466-44C3-8089-94FA10A5D358}.Debug|Any CPU.ActiveCfg = Debug|Any CPU
		{9A30194B-8466-44C3-8089-94FA10A5D358}.Debug|Any CPU.Build.0 = Debug|Any CPU
		{9A30194B-8466-44C3-8089-94FA10A5D358}.Release|Any CPU.ActiveCfg = Release|Any CPU
		{9A30194B-8466-44C3-8089-94FA10A5D358}.Release|Any CPU.Build.0 = Release|Any CPU
		{7E8D1AE5-425B-411D-A19F-DBD41B0D6475}.Debug|Any CPU.ActiveCfg = Debug|Any CPU
		{7E8D1AE5-425B-411D-A19F-DBD41B0D6475}.Debug|Any CPU.Build.0 = Debug|Any CPU
		{7E8D1AE5-425B-411D-A19F-DBD41B0D6475}.Release|Any CPU.ActiveCfg = Release|Any CPU
		{7E8D1AE5-425B-411D-A19F-DBD41B0D6475}.Release|Any CPU.Build.0 = Release|Any CPU
		{168321A3-0E40-45F4-8922-0FF684745ADF}.Debug|Any CPU.ActiveCfg = Debug|Any CPU
		{168321A3-0E40-45F4-8922-0FF684745ADF}.Debug|Any CPU.Build.0 = Debug|Any CPU
		{168321A3-0E40-45F4-8922-0FF684745ADF}.Release|Any CPU.ActiveCfg = Release|Any CPU
		{168321A3-0E40-45F4-8922-0FF684745ADF}.Release|Any CPU.Build.0 = Release|Any CPU
		{A774BF67-1CC5-4883-9CF2-C145A7AEA65A}.Debug|Any CPU.ActiveCfg = Debug|Any CPU
		{A774BF67-1CC5-4883-9CF2-C145A7AEA65A}.Debug|Any CPU.Build.0 = Debug|Any CPU
		{A774BF67-1CC5-4883-9CF2-C145A7AEA65A}.Release|Any CPU.ActiveCfg = Release|Any CPU
		{A774BF67-1CC5-4883-9CF2-C145A7AEA65A}.Release|Any CPU.Build.0 = Release|Any CPU
	EndGlobalSection
	GlobalSection(SolutionProperties) = preSolution
		HideSolutionNode = FALSE
	EndGlobalSection
	GlobalSection(ExtensibilityGlobals) = postSolution
		SolutionGuid = {E0FFC18B-784C-42D1-A58C-E32EA0D8A86E}
	EndGlobalSection
EndGlobal
